// !$*UTF8*$!
{
	archiveVersion = 1;
	classes = {
	};
	objectVersion = 56;
	objects = {

/* Begin PBXBuildFile section */
		39F1393E2ACFAB5C002A1EA0 /* notesAppApp.swift in Sources */ = {isa = PBXBuildFile; fileRef = 39F1393D2ACFAB5C002A1EA0 /* notesAppApp.swift */; };
		39F139402ACFAB5C002A1EA0 /* ContentView.swift in Sources */ = {isa = PBXBuildFile; fileRef = 39F1393F2ACFAB5C002A1EA0 /* ContentView.swift */; };
		39F139422ACFAB5E002A1EA0 /* Assets.xcassets in Resources */ = {isa = PBXBuildFile; fileRef = 39F139412ACFAB5E002A1EA0 /* Assets.xcassets */; };
		39F139462ACFAB5E002A1EA0 /* Preview Assets.xcassets in Resources */ = {isa = PBXBuildFile; fileRef = 39F139452ACFAB5E002A1EA0 /* Preview Assets.xcassets */; };
		39F139502ACFAB5E002A1EA0 /* notesAppTests.swift in Sources */ = {isa = PBXBuildFile; fileRef = 39F1394F2ACFAB5E002A1EA0 /* notesAppTests.swift */; };
		39F1395A2ACFAB5E002A1EA0 /* notesAppUITests.swift in Sources */ = {isa = PBXBuildFile; fileRef = 39F139592ACFAB5E002A1EA0 /* notesAppUITests.swift */; };
		39F1395C2ACFAB5E002A1EA0 /* notesAppUITestsLaunchTests.swift in Sources */ = {isa = PBXBuildFile; fileRef = 39F1395B2ACFAB5E002A1EA0 /* notesAppUITestsLaunchTests.swift */; };
		66D2FB3FA4E63B74EF04284D /* Pods_notesApp.framework in Frameworks */ = {isa = PBXBuildFile; fileRef = D0F319BB67BE0C7BF191B71A /* Pods_notesApp.framework */; };
/* End PBXBuildFile section */

/* Begin PBXContainerItemProxy section */
		39F1394C2ACFAB5E002A1EA0 /* PBXContainerItemProxy */ = {
			isa = PBXContainerItemProxy;
			containerPortal = 39F139322ACFAB5C002A1EA0 /* Project object */;
			proxyType = 1;
			remoteGlobalIDString = 39F139392ACFAB5C002A1EA0;
			remoteInfo = notesApp;
		};
		39F139562ACFAB5E002A1EA0 /* PBXContainerItemProxy */ = {
			isa = PBXContainerItemProxy;
			containerPortal = 39F139322ACFAB5C002A1EA0 /* Project object */;
			proxyType = 1;
			remoteGlobalIDString = 39F139392ACFAB5C002A1EA0;
			remoteInfo = notesApp;
		};
/* End PBXContainerItemProxy section */

/* Begin PBXFileReference section */
		39F1393A2ACFAB5C002A1EA0 /* notesApp.app */ = {isa = PBXFileReference; explicitFileType = wrapper.application; includeInIndex = 0; path = notesApp.app; sourceTree = BUILT_PRODUCTS_DIR; };
		39F1393D2ACFAB5C002A1EA0 /* notesAppApp.swift */ = {isa = PBXFileReference; lastKnownFileType = sourcecode.swift; path = notesAppApp.swift; sourceTree = "<group>"; };
		39F1393F2ACFAB5C002A1EA0 /* ContentView.swift */ = {isa = PBXFileReference; lastKnownFileType = sourcecode.swift; path = ContentView.swift; sourceTree = "<group>"; };
		39F139412ACFAB5E002A1EA0 /* Assets.xcassets */ = {isa = PBXFileReference; lastKnownFileType = folder.assetcatalog; path = Assets.xcassets; sourceTree = "<group>"; };
		39F139432ACFAB5E002A1EA0 /* notesApp.entitlements */ = {isa = PBXFileReference; lastKnownFileType = text.plist.entitlements; path = notesApp.entitlements; sourceTree = "<group>"; };
		39F139452ACFAB5E002A1EA0 /* Preview Assets.xcassets */ = {isa = PBXFileReference; lastKnownFileType = folder.assetcatalog; path = "Preview Assets.xcassets"; sourceTree = "<group>"; };
		39F1394B2ACFAB5E002A1EA0 /* notesAppTests.xctest */ = {isa = PBXFileReference; explicitFileType = wrapper.cfbundle; includeInIndex = 0; path = notesAppTests.xctest; sourceTree = BUILT_PRODUCTS_DIR; };
		39F1394F2ACFAB5E002A1EA0 /* notesAppTests.swift */ = {isa = PBXFileReference; lastKnownFileType = sourcecode.swift; path = notesAppTests.swift; sourceTree = "<group>"; };
		39F139552ACFAB5E002A1EA0 /* notesAppUITests.xctest */ = {isa = PBXFileReference; explicitFileType = wrapper.cfbundle; includeInIndex = 0; path = notesAppUITests.xctest; sourceTree = BUILT_PRODUCTS_DIR; };
		39F139592ACFAB5E002A1EA0 /* notesAppUITests.swift */ = {isa = PBXFileReference; lastKnownFileType = sourcecode.swift; path = notesAppUITests.swift; sourceTree = "<group>"; };
		39F1395B2ACFAB5E002A1EA0 /* notesAppUITestsLaunchTests.swift */ = {isa = PBXFileReference; lastKnownFileType = sourcecode.swift; path = notesAppUITestsLaunchTests.swift; sourceTree = "<group>"; };
		632A5D9C24D3EDA28C9EEBC9 /* Pods-notesApp.debug.xcconfig */ = {isa = PBXFileReference; includeInIndex = 1; lastKnownFileType = text.xcconfig; name = "Pods-notesApp.debug.xcconfig"; path = "Target Support Files/Pods-notesApp/Pods-notesApp.debug.xcconfig"; sourceTree = "<group>"; };
		A8B1B610BD2B6C20BC14DB52 /* Pods-notesApp.release.xcconfig */ = {isa = PBXFileReference; includeInIndex = 1; lastKnownFileType = text.xcconfig; name = "Pods-notesApp.release.xcconfig"; path = "Target Support Files/Pods-notesApp/Pods-notesApp.release.xcconfig"; sourceTree = "<group>"; };
		D0F319BB67BE0C7BF191B71A /* Pods_notesApp.framework */ = {isa = PBXFileReference; explicitFileType = wrapper.framework; includeInIndex = 0; path = Pods_notesApp.framework; sourceTree = BUILT_PRODUCTS_DIR; };
/* End PBXFileReference section */

/* Begin PBXFrameworksBuildPhase section */
		39F139372ACFAB5C002A1EA0 /* Frameworks */ = {
			isa = PBXFrameworksBuildPhase;
			buildActionMask = 2147483647;
			files = (
				66D2FB3FA4E63B74EF04284D /* Pods_notesApp.framework in Frameworks */,
			);
			runOnlyForDeploymentPostprocessing = 0;
		};
		39F139482ACFAB5E002A1EA0 /* Frameworks */ = {
			isa = PBXFrameworksBuildPhase;
			buildActionMask = 2147483647;
			files = (
			);
			runOnlyForDeploymentPostprocessing = 0;
		};
		39F139522ACFAB5E002A1EA0 /* Frameworks */ = {
			isa = PBXFrameworksBuildPhase;
			buildActionMask = 2147483647;
			files = (
			);
			runOnlyForDeploymentPostprocessing = 0;
		};
/* End PBXFrameworksBuildPhase section */

/* Begin PBXGroup section */
		1AAC887DEA67008022767DAC /* Frameworks */ = {
			isa = PBXGroup;
			children = (
				D0F319BB67BE0C7BF191B71A /* Pods_notesApp.framework */,
			);
			name = Frameworks;
			sourceTree = "<group>";
		};
		39F139312ACFAB5C002A1EA0 = {
			isa = PBXGroup;
			children = (
				39F1393C2ACFAB5C002A1EA0 /* notesApp */,
				39F1394E2ACFAB5E002A1EA0 /* notesAppTests */,
				39F139582ACFAB5E002A1EA0 /* notesAppUITests */,
				39F1393B2ACFAB5C002A1EA0 /* Products */,
				F5BF057F7F57AF53BE97AF9E /* Pods */,
				1AAC887DEA67008022767DAC /* Frameworks */,
			);
			sourceTree = "<group>";
		};
		39F1393B2ACFAB5C002A1EA0 /* Products */ = {
			isa = PBXGroup;
			children = (
				39F1393A2ACFAB5C002A1EA0 /* notesApp.app */,
				39F1394B2ACFAB5E002A1EA0 /* notesAppTests.xctest */,
				39F139552ACFAB5E002A1EA0 /* notesAppUITests.xctest */,
			);
			name = Products;
			sourceTree = "<group>";
		};
		39F1393C2ACFAB5C002A1EA0 /* notesApp */ = {
			isa = PBXGroup;
			children = (
				39F1393D2ACFAB5C002A1EA0 /* notesAppApp.swift */,
				39F1393F2ACFAB5C002A1EA0 /* ContentView.swift */,
				39F139412ACFAB5E002A1EA0 /* Assets.xcassets */,
				39F139432ACFAB5E002A1EA0 /* notesApp.entitlements */,
				39F139442ACFAB5E002A1EA0 /* Preview Content */,
			);
			path = notesApp;
			sourceTree = "<group>";
		};
		39F139442ACFAB5E002A1EA0 /* Preview Content */ = {
			isa = PBXGroup;
			children = (
				39F139452ACFAB5E002A1EA0 /* Preview Assets.xcassets */,
			);
			path = "Preview Content";
			sourceTree = "<group>";
		};
		39F1394E2ACFAB5E002A1EA0 /* notesAppTests */ = {
			isa = PBXGroup;
			children = (
				39F1394F2ACFAB5E002A1EA0 /* notesAppTests.swift */,
			);
			path = notesAppTests;
			sourceTree = "<group>";
		};
		39F139582ACFAB5E002A1EA0 /* notesAppUITests */ = {
			isa = PBXGroup;
			children = (
				39F139592ACFAB5E002A1EA0 /* notesAppUITests.swift */,
				39F1395B2ACFAB5E002A1EA0 /* notesAppUITestsLaunchTests.swift */,
			);
			path = notesAppUITests;
			sourceTree = "<group>";
		};
		F5BF057F7F57AF53BE97AF9E /* Pods */ = {
			isa = PBXGroup;
			children = (
				632A5D9C24D3EDA28C9EEBC9 /* Pods-notesApp.debug.xcconfig */,
				A8B1B610BD2B6C20BC14DB52 /* Pods-notesApp.release.xcconfig */,
			);
			name = Pods;
			path = Pods;
			sourceTree = "<group>";
		};
/* End PBXGroup section */

/* Begin PBXNativeTarget section */
		39F139392ACFAB5C002A1EA0 /* notesApp */ = {
			isa = PBXNativeTarget;
			buildConfigurationList = 39F1395F2ACFAB5E002A1EA0 /* Build configuration list for PBXNativeTarget "notesApp" */;
			buildPhases = (
				33170AD4F2FA1A2337026EC8 /* [CP] Check Pods Manifest.lock */,
				39F139362ACFAB5C002A1EA0 /* Sources */,
				39F139372ACFAB5C002A1EA0 /* Frameworks */,
				39F139382ACFAB5C002A1EA0 /* Resources */,
				0A7B96BBF66EEF79E6BBBD2F /* [CP] Copy Pods Resources */,
			);
			buildRules = (
			);
			dependencies = (
			);
			name = notesApp;
			productName = notesApp;
			productReference = 39F1393A2ACFAB5C002A1EA0 /* notesApp.app */;
			productType = "com.apple.product-type.application";
		};
		39F1394A2ACFAB5E002A1EA0 /* notesAppTests */ = {
			isa = PBXNativeTarget;
			buildConfigurationList = 39F139622ACFAB5E002A1EA0 /* Build configuration list for PBXNativeTarget "notesAppTests" */;
			buildPhases = (
				39F139472ACFAB5E002A1EA0 /* Sources */,
				39F139482ACFAB5E002A1EA0 /* Frameworks */,
				39F139492ACFAB5E002A1EA0 /* Resources */,
			);
			buildRules = (
			);
			dependencies = (
				39F1394D2ACFAB5E002A1EA0 /* PBXTargetDependency */,
			);
			name = notesAppTests;
			productName = notesAppTests;
			productReference = 39F1394B2ACFAB5E002A1EA0 /* notesAppTests.xctest */;
			productType = "com.apple.product-type.bundle.unit-test";
		};
		39F139542ACFAB5E002A1EA0 /* notesAppUITests */ = {
			isa = PBXNativeTarget;
			buildConfigurationList = 39F139652ACFAB5E002A1EA0 /* Build configuration list for PBXNativeTarget "notesAppUITests" */;
			buildPhases = (
				39F139512ACFAB5E002A1EA0 /* Sources */,
				39F139522ACFAB5E002A1EA0 /* Frameworks */,
				39F139532ACFAB5E002A1EA0 /* Resources */,
			);
			buildRules = (
			);
			dependencies = (
				39F139572ACFAB5E002A1EA0 /* PBXTargetDependency */,
			);
			name = notesAppUITests;
			productName = notesAppUITests;
			productReference = 39F139552ACFAB5E002A1EA0 /* notesAppUITests.xctest */;
			productType = "com.apple.product-type.bundle.ui-testing";
		};
/* End PBXNativeTarget section */

/* Begin PBXProject section */
		39F139322ACFAB5C002A1EA0 /* Project object */ = {
			isa = PBXProject;
			attributes = {
				BuildIndependentTargetsInParallel = 1;
				LastSwiftUpdateCheck = 1500;
				LastUpgradeCheck = 1500;
				TargetAttributes = {
					39F139392ACFAB5C002A1EA0 = {
						CreatedOnToolsVersion = 15.0;
					};
					39F1394A2ACFAB5E002A1EA0 = {
						CreatedOnToolsVersion = 15.0;
						TestTargetID = 39F139392ACFAB5C002A1EA0;
					};
					39F139542ACFAB5E002A1EA0 = {
						CreatedOnToolsVersion = 15.0;
						TestTargetID = 39F139392ACFAB5C002A1EA0;
					};
				};
			};
			buildConfigurationList = 39F139352ACFAB5C002A1EA0 /* Build configuration list for PBXProject "notesApp" */;
			compatibilityVersion = "Xcode 14.0";
			developmentRegion = en;
			hasScannedForEncodings = 0;
			knownRegions = (
				en,
				Base,
			);
			mainGroup = 39F139312ACFAB5C002A1EA0;
			productRefGroup = 39F1393B2ACFAB5C002A1EA0 /* Products */;
			projectDirPath = "";
			projectRoot = "";
			targets = (
				39F139392ACFAB5C002A1EA0 /* notesApp */,
				39F1394A2ACFAB5E002A1EA0 /* notesAppTests */,
				39F139542ACFAB5E002A1EA0 /* notesAppUITests */,
			);
		};
/* End PBXProject section */

/* Begin PBXResourcesBuildPhase section */
		39F139382ACFAB5C002A1EA0 /* Resources */ = {
			isa = PBXResourcesBuildPhase;
			buildActionMask = 2147483647;
			files = (
				39F139462ACFAB5E002A1EA0 /* Preview Assets.xcassets in Resources */,
				39F139422ACFAB5E002A1EA0 /* Assets.xcassets in Resources */,
			);
			runOnlyForDeploymentPostprocessing = 0;
		};
		39F139492ACFAB5E002A1EA0 /* Resources */ = {
			isa = PBXResourcesBuildPhase;
			buildActionMask = 2147483647;
			files = (
			);
			runOnlyForDeploymentPostprocessing = 0;
		};
		39F139532ACFAB5E002A1EA0 /* Resources */ = {
			isa = PBXResourcesBuildPhase;
			buildActionMask = 2147483647;
			files = (
			);
			runOnlyForDeploymentPostprocessing = 0;
		};
/* End PBXResourcesBuildPhase section */

/* Begin PBXShellScriptBuildPhase section */
		0A7B96BBF66EEF79E6BBBD2F /* [CP] Copy Pods Resources */ = {
			isa = PBXShellScriptBuildPhase;
			buildActionMask = 2147483647;
			files = (
			);
			inputFileListPaths = (
				"${PODS_ROOT}/Target Support Files/Pods-notesApp/Pods-notesApp-resources-${CONFIGURATION}-input-files.xcfilelist",
			);
			name = "[CP] Copy Pods Resources";
			outputFileListPaths = (
				"${PODS_ROOT}/Target Support Files/Pods-notesApp/Pods-notesApp-resources-${CONFIGURATION}-output-files.xcfilelist",
			);
			runOnlyForDeploymentPostprocessing = 0;
			shellPath = /bin/sh;
			shellScript = "\"${PODS_ROOT}/Target Support Files/Pods-notesApp/Pods-notesApp-resources.sh\"\n";
			showEnvVarsInLog = 0;
		};
		33170AD4F2FA1A2337026EC8 /* [CP] Check Pods Manifest.lock */ = {
			isa = PBXShellScriptBuildPhase;
			buildActionMask = 2147483647;
			files = (
			);
			inputFileListPaths = (
			);
			inputPaths = (
				"${PODS_PODFILE_DIR_PATH}/Podfile.lock",
				"${PODS_ROOT}/Manifest.lock",
			);
			name = "[CP] Check Pods Manifest.lock";
			outputFileListPaths = (
			);
			outputPaths = (
				"$(DERIVED_FILE_DIR)/Pods-notesApp-checkManifestLockResult.txt",
			);
			runOnlyForDeploymentPostprocessing = 0;
			shellPath = /bin/sh;
			shellScript = "diff \"${PODS_PODFILE_DIR_PATH}/Podfile.lock\" \"${PODS_ROOT}/Manifest.lock\" > /dev/null\nif [ $? != 0 ] ; then\n    # print error to STDERR\n    echo \"error: The sandbox is not in sync with the Podfile.lock. Run 'pod install' or update your CocoaPods installation.\" >&2\n    exit 1\nfi\n# This output is used by Xcode 'outputs' to avoid re-running this script phase.\necho \"SUCCESS\" > \"${SCRIPT_OUTPUT_FILE_0}\"\n";
			showEnvVarsInLog = 0;
		};
/* End PBXShellScriptBuildPhase section */

/* Begin PBXSourcesBuildPhase section */
		39F139362ACFAB5C002A1EA0 /* Sources */ = {
			isa = PBXSourcesBuildPhase;
			buildActionMask = 2147483647;
			files = (
				39F139402ACFAB5C002A1EA0 /* ContentView.swift in Sources */,
				39F1393E2ACFAB5C002A1EA0 /* notesAppApp.swift in Sources */,
			);
			runOnlyForDeploymentPostprocessing = 0;
		};
		39F139472ACFAB5E002A1EA0 /* Sources */ = {
			isa = PBXSourcesBuildPhase;
			buildActionMask = 2147483647;
			files = (
				39F139502ACFAB5E002A1EA0 /* notesAppTests.swift in Sources */,
			);
			runOnlyForDeploymentPostprocessing = 0;
		};
		39F139512ACFAB5E002A1EA0 /* Sources */ = {
			isa = PBXSourcesBuildPhase;
			buildActionMask = 2147483647;
			files = (
				39F1395C2ACFAB5E002A1EA0 /* notesAppUITestsLaunchTests.swift in Sources */,
				39F1395A2ACFAB5E002A1EA0 /* notesAppUITests.swift in Sources */,
			);
			runOnlyForDeploymentPostprocessing = 0;
		};
/* End PBXSourcesBuildPhase section */

/* Begin PBXTargetDependency section */
		39F1394D2ACFAB5E002A1EA0 /* PBXTargetDependency */ = {
			isa = PBXTargetDependency;
			target = 39F139392ACFAB5C002A1EA0 /* notesApp */;
			targetProxy = 39F1394C2ACFAB5E002A1EA0 /* PBXContainerItemProxy */;
		};
		39F139572ACFAB5E002A1EA0 /* PBXTargetDependency */ = {
			isa = PBXTargetDependency;
			target = 39F139392ACFAB5C002A1EA0 /* notesApp */;
			targetProxy = 39F139562ACFAB5E002A1EA0 /* PBXContainerItemProxy */;
		};
/* End PBXTargetDependency section */

/* Begin XCBuildConfiguration section */
		39F1395D2ACFAB5E002A1EA0 /* Debug */ = {
			isa = XCBuildConfiguration;
			buildSettings = {
				ALWAYS_SEARCH_USER_PATHS = NO;
				ASSETCATALOG_COMPILER_GENERATE_SWIFT_ASSET_SYMBOL_EXTENSIONS = YES;
				CLANG_ANALYZER_NONNULL = YES;
				CLANG_ANALYZER_NUMBER_OBJECT_CONVERSION = YES_AGGRESSIVE;
				CLANG_CXX_LANGUAGE_STANDARD = "gnu++20";
				CLANG_ENABLE_MODULES = YES;
				CLANG_ENABLE_OBJC_ARC = YES;
				CLANG_ENABLE_OBJC_WEAK = YES;
				CLANG_WARN_BLOCK_CAPTURE_AUTORELEASING = YES;
				CLANG_WARN_BOOL_CONVERSION = YES;
				CLANG_WARN_COMMA = YES;
				CLANG_WARN_CONSTANT_CONVERSION = YES;
				CLANG_WARN_DEPRECATED_OBJC_IMPLEMENTATIONS = YES;
				CLANG_WARN_DIRECT_OBJC_ISA_USAGE = YES_ERROR;
				CLANG_WARN_DOCUMENTATION_COMMENTS = YES;
				CLANG_WARN_EMPTY_BODY = YES;
				CLANG_WARN_ENUM_CONVERSION = YES;
				CLANG_WARN_INFINITE_RECURSION = YES;
				CLANG_WARN_INT_CONVERSION = YES;
				CLANG_WARN_NON_LITERAL_NULL_CONVERSION = YES;
				CLANG_WARN_OBJC_IMPLICIT_RETAIN_SELF = YES;
				CLANG_WARN_OBJC_LITERAL_CONVERSION = YES;
				CLANG_WARN_OBJC_ROOT_CLASS = YES_ERROR;
				CLANG_WARN_QUOTED_INCLUDE_IN_FRAMEWORK_HEADER = YES;
				CLANG_WARN_RANGE_LOOP_ANALYSIS = YES;
				CLANG_WARN_STRICT_PROTOTYPES = YES;
				CLANG_WARN_SUSPICIOUS_MOVE = YES;
				CLANG_WARN_UNGUARDED_AVAILABILITY = YES_AGGRESSIVE;
				CLANG_WARN_UNREACHABLE_CODE = YES;
				CLANG_WARN__DUPLICATE_METHOD_MATCH = YES;
				COPY_PHASE_STRIP = NO;
				DEBUG_INFORMATION_FORMAT = dwarf;
				ENABLE_STRICT_OBJC_MSGSEND = YES;
				ENABLE_TESTABILITY = YES;
				ENABLE_USER_SCRIPT_SANDBOXING = YES;
				GCC_C_LANGUAGE_STANDARD = gnu17;
				GCC_DYNAMIC_NO_PIC = NO;
				GCC_NO_COMMON_BLOCKS = YES;
				GCC_OPTIMIZATION_LEVEL = 0;
				GCC_PREPROCESSOR_DEFINITIONS = (
					"DEBUG=1",
					"$(inherited)",
				);
				GCC_WARN_64_TO_32_BIT_CONVERSION = YES;
				GCC_WARN_ABOUT_RETURN_TYPE = YES_ERROR;
				GCC_WARN_UNDECLARED_SELECTOR = YES;
				GCC_WARN_UNINITIALIZED_AUTOS = YES_AGGRESSIVE;
				GCC_WARN_UNUSED_FUNCTION = YES;
				GCC_WARN_UNUSED_VARIABLE = YES;
				LOCALIZATION_PREFERS_STRING_CATALOGS = YES;
				MTL_ENABLE_DEBUG_INFO = INCLUDE_SOURCE;
				MTL_FAST_MATH = YES;
				ONLY_ACTIVE_ARCH = YES;
				SWIFT_ACTIVE_COMPILATION_CONDITIONS = "DEBUG $(inherited)";
				SWIFT_OPTIMIZATION_LEVEL = "-Onone";
			};
			name = Debug;
		};
		39F1395E2ACFAB5E002A1EA0 /* Release */ = {
			isa = XCBuildConfiguration;
			buildSettings = {
				ALWAYS_SEARCH_USER_PATHS = NO;
				ASSETCATALOG_COMPILER_GENERATE_SWIFT_ASSET_SYMBOL_EXTENSIONS = YES;
				CLANG_ANALYZER_NONNULL = YES;
				CLANG_ANALYZER_NUMBER_OBJECT_CONVERSION = YES_AGGRESSIVE;
				CLANG_CXX_LANGUAGE_STANDARD = "gnu++20";
				CLANG_ENABLE_MODULES = YES;
				CLANG_ENABLE_OBJC_ARC = YES;
				CLANG_ENABLE_OBJC_WEAK = YES;
				CLANG_WARN_BLOCK_CAPTURE_AUTORELEASING = YES;
				CLANG_WARN_BOOL_CONVERSION = YES;
				CLANG_WARN_COMMA = YES;
				CLANG_WARN_CONSTANT_CONVERSION = YES;
				CLANG_WARN_DEPRECATED_OBJC_IMPLEMENTATIONS = YES;
				CLANG_WARN_DIRECT_OBJC_ISA_USAGE = YES_ERROR;
				CLANG_WARN_DOCUMENTATION_COMMENTS = YES;
				CLANG_WARN_EMPTY_BODY = YES;
				CLANG_WARN_ENUM_CONVERSION = YES;
				CLANG_WARN_INFINITE_RECURSION = YES;
				CLANG_WARN_INT_CONVERSION = YES;
				CLANG_WARN_NON_LITERAL_NULL_CONVERSION = YES;
				CLANG_WARN_OBJC_IMPLICIT_RETAIN_SELF = YES;
				CLANG_WARN_OBJC_LITERAL_CONVERSION = YES;
				CLANG_WARN_OBJC_ROOT_CLASS = YES_ERROR;
				CLANG_WARN_QUOTED_INCLUDE_IN_FRAMEWORK_HEADER = YES;
				CLANG_WARN_RANGE_LOOP_ANALYSIS = YES;
				CLANG_WARN_STRICT_PROTOTYPES = YES;
				CLANG_WARN_SUSPICIOUS_MOVE = YES;
				CLANG_WARN_UNGUARDED_AVAILABILITY = YES_AGGRESSIVE;
				CLANG_WARN_UNREACHABLE_CODE = YES;
				CLANG_WARN__DUPLICATE_METHOD_MATCH = YES;
				COPY_PHASE_STRIP = NO;
				DEBUG_INFORMATION_FORMAT = "dwarf-with-dsym";
				ENABLE_NS_ASSERTIONS = NO;
				ENABLE_STRICT_OBJC_MSGSEND = YES;
				ENABLE_USER_SCRIPT_SANDBOXING = YES;
				GCC_C_LANGUAGE_STANDARD = gnu17;
				GCC_NO_COMMON_BLOCKS = YES;
				GCC_WARN_64_TO_32_BIT_CONVERSION = YES;
				GCC_WARN_ABOUT_RETURN_TYPE = YES_ERROR;
				GCC_WARN_UNDECLARED_SELECTOR = YES;
				GCC_WARN_UNINITIALIZED_AUTOS = YES_AGGRESSIVE;
				GCC_WARN_UNUSED_FUNCTION = YES;
				GCC_WARN_UNUSED_VARIABLE = YES;
				LOCALIZATION_PREFERS_STRING_CATALOGS = YES;
				MTL_ENABLE_DEBUG_INFO = NO;
				MTL_FAST_MATH = YES;
				SWIFT_COMPILATION_MODE = wholemodule;
			};
			name = Release;
		};
		39F139602ACFAB5E002A1EA0 /* Debug */ = {
			isa = XCBuildConfiguration;
			baseConfigurationReference = 632A5D9C24D3EDA28C9EEBC9 /* Pods-notesApp.debug.xcconfig */;
			buildSettings = {
				ASSETCATALOG_COMPILER_APPICON_NAME = AppIcon;
				ASSETCATALOG_COMPILER_GLOBAL_ACCENT_COLOR_NAME = AccentColor;
				CODE_SIGN_ENTITLEMENTS = notesApp/notesApp.entitlements;
				CODE_SIGN_STYLE = Automatic;
				CURRENT_PROJECT_VERSION = 1;
				DEVELOPMENT_ASSET_PATHS = "\"notesApp/Preview Content\"";
				DEVELOPMENT_TEAM = D9V8228529;
				ENABLE_HARDENED_RUNTIME = YES;
				ENABLE_PREVIEWS = YES;
				GENERATE_INFOPLIST_FILE = YES;
				"INFOPLIST_KEY_UIApplicationSceneManifest_Generation[sdk=iphoneos*]" = YES;
				"INFOPLIST_KEY_UIApplicationSceneManifest_Generation[sdk=iphonesimulator*]" = YES;
				"INFOPLIST_KEY_UIApplicationSupportsIndirectInputEvents[sdk=iphoneos*]" = YES;
				"INFOPLIST_KEY_UIApplicationSupportsIndirectInputEvents[sdk=iphonesimulator*]" = YES;
				"INFOPLIST_KEY_UILaunchScreen_Generation[sdk=iphoneos*]" = YES;
				"INFOPLIST_KEY_UILaunchScreen_Generation[sdk=iphonesimulator*]" = YES;
				"INFOPLIST_KEY_UIStatusBarStyle[sdk=iphoneos*]" = UIStatusBarStyleDefault;
				"INFOPLIST_KEY_UIStatusBarStyle[sdk=iphonesimulator*]" = UIStatusBarStyleDefault;
				INFOPLIST_KEY_UISupportedInterfaceOrientations_iPad = "UIInterfaceOrientationPortrait UIInterfaceOrientationPortraitUpsideDown UIInterfaceOrientationLandscapeLeft UIInterfaceOrientationLandscapeRight";
				INFOPLIST_KEY_UISupportedInterfaceOrientations_iPhone = "UIInterfaceOrientationPortrait UIInterfaceOrientationLandscapeLeft UIInterfaceOrientationLandscapeRight";
				IPHONEOS_DEPLOYMENT_TARGET = 17.0;
				LD_RUNPATH_SEARCH_PATHS = "@executable_path/Frameworks";
				"LD_RUNPATH_SEARCH_PATHS[sdk=macosx*]" = "@executable_path/../Frameworks";
				MACOSX_DEPLOYMENT_TARGET = 13.6;
				MARKETING_VERSION = 1.0;
				PRODUCT_BUNDLE_IDENTIFIER = io.writeopia.notesApp;
				PRODUCT_NAME = "$(TARGET_NAME)";
				SDKROOT = auto;
				SUPPORTED_PLATFORMS = "iphoneos iphonesimulator macosx";
				SWIFT_EMIT_LOC_STRINGS = YES;
				SWIFT_VERSION = 5.0;
				TARGETED_DEVICE_FAMILY = "1,2";
			};
			name = Debug;
		};
		39F139612ACFAB5E002A1EA0 /* Release */ = {
			isa = XCBuildConfiguration;
			baseConfigurationReference = A8B1B610BD2B6C20BC14DB52 /* Pods-notesApp.release.xcconfig */;
			buildSettings = {
				ASSETCATALOG_COMPILER_APPICON_NAME = AppIcon;
				ASSETCATALOG_COMPILER_GLOBAL_ACCENT_COLOR_NAME = AccentColor;
				CODE_SIGN_ENTITLEMENTS = notesApp/notesApp.entitlements;
				CODE_SIGN_STYLE = Automatic;
				CURRENT_PROJECT_VERSION = 1;
				DEVELOPMENT_ASSET_PATHS = "\"notesApp/Preview Content\"";
				DEVELOPMENT_TEAM = D9V8228529;
				ENABLE_HARDENED_RUNTIME = YES;
				ENABLE_PREVIEWS = YES;
				GENERATE_INFOPLIST_FILE = YES;
				"INFOPLIST_KEY_UIApplicationSceneManifest_Generation[sdk=iphoneos*]" = YES;
				"INFOPLIST_KEY_UIApplicationSceneManifest_Generation[sdk=iphonesimulator*]" = YES;
				"INFOPLIST_KEY_UIApplicationSupportsIndirectInputEvents[sdk=iphoneos*]" = YES;
				"INFOPLIST_KEY_UIApplicationSupportsIndirectInputEvents[sdk=iphonesimulator*]" = YES;
				"INFOPLIST_KEY_UILaunchScreen_Generation[sdk=iphoneos*]" = YES;
				"INFOPLIST_KEY_UILaunchScreen_Generation[sdk=iphonesimulator*]" = YES;
				"INFOPLIST_KEY_UIStatusBarStyle[sdk=iphoneos*]" = UIStatusBarStyleDefault;
				"INFOPLIST_KEY_UIStatusBarStyle[sdk=iphonesimulator*]" = UIStatusBarStyleDefault;
				INFOPLIST_KEY_UISupportedInterfaceOrientations_iPad = "UIInterfaceOrientationPortrait UIInterfaceOrientationPortraitUpsideDown UIInterfaceOrientationLandscapeLeft UIInterfaceOrientationLandscapeRight";
				INFOPLIST_KEY_UISupportedInterfaceOrientations_iPhone = "UIInterfaceOrientationPortrait UIInterfaceOrientationLandscapeLeft UIInterfaceOrientationLandscapeRight";
				IPHONEOS_DEPLOYMENT_TARGET = 17.0;
				LD_RUNPATH_SEARCH_PATHS = "@executable_path/Frameworks";
				"LD_RUNPATH_SEARCH_PATHS[sdk=macosx*]" = "@executable_path/../Frameworks";
				MACOSX_DEPLOYMENT_TARGET = 13.6;
				MARKETING_VERSION = 1.0;
				PRODUCT_BUNDLE_IDENTIFIER = io.writeopia.notesApp;
				PRODUCT_NAME = "$(TARGET_NAME)";
				SDKROOT = auto;
				SUPPORTED_PLATFORMS = "iphoneos iphonesimulator macosx";
				SWIFT_EMIT_LOC_STRINGS = YES;
				SWIFT_VERSION = 5.0;
				TARGETED_DEVICE_FAMILY = "1,2";
			};
			name = Release;
		};
		39F139632ACFAB5E002A1EA0 /* Debug */ = {
			isa = XCBuildConfiguration;
			buildSettings = {
				ALWAYS_EMBED_SWIFT_STANDARD_LIBRARIES = YES;
				BUNDLE_LOADER = "$(TEST_HOST)";
				CODE_SIGN_STYLE = Automatic;
				CURRENT_PROJECT_VERSION = 1;
				DEVELOPMENT_TEAM = D9V8228529;
				GENERATE_INFOPLIST_FILE = YES;
				IPHONEOS_DEPLOYMENT_TARGET = 17.0;
				MACOSX_DEPLOYMENT_TARGET = 13.6;
				MARKETING_VERSION = 1.0;
				PRODUCT_BUNDLE_IDENTIFIER = io.writeopia.notesAppTests;
				PRODUCT_NAME = "$(TARGET_NAME)";
				SDKROOT = auto;
				SUPPORTED_PLATFORMS = "iphoneos iphonesimulator macosx";
				SWIFT_EMIT_LOC_STRINGS = NO;
				SWIFT_VERSION = 5.0;
				TARGETED_DEVICE_FAMILY = "1,2";
				TEST_HOST = "$(BUILT_PRODUCTS_DIR)/notesApp.app/$(BUNDLE_EXECUTABLE_FOLDER_PATH)/notesApp";
			};
			name = Debug;
		};
		39F139642ACFAB5E002A1EA0 /* Release */ = {
			isa = XCBuildConfiguration;
			buildSettings = {
				ALWAYS_EMBED_SWIFT_STANDARD_LIBRARIES = YES;
				BUNDLE_LOADER = "$(TEST_HOST)";
				CODE_SIGN_STYLE = Automatic;
				CURRENT_PROJECT_VERSION = 1;
				DEVELOPMENT_TEAM = D9V8228529;
				GENERATE_INFOPLIST_FILE = YES;
				IPHONEOS_DEPLOYMENT_TARGET = 17.0;
				MACOSX_DEPLOYMENT_TARGET = 13.6;
				MARKETING_VERSION = 1.0;
				PRODUCT_BUNDLE_IDENTIFIER = io.writeopia.notesAppTests;
				PRODUCT_NAME = "$(TARGET_NAME)";
				SDKROOT = auto;
				SUPPORTED_PLATFORMS = "iphoneos iphonesimulator macosx";
				SWIFT_EMIT_LOC_STRINGS = NO;
				SWIFT_VERSION = 5.0;
				TARGETED_DEVICE_FAMILY = "1,2";
				TEST_HOST = "$(BUILT_PRODUCTS_DIR)/notesApp.app/$(BUNDLE_EXECUTABLE_FOLDER_PATH)/notesApp";
			};
			name = Release;
		};
		39F139662ACFAB5E002A1EA0 /* Debug */ = {
			isa = XCBuildConfiguration;
			buildSettings = {
				ALWAYS_EMBED_SWIFT_STANDARD_LIBRARIES = YES;
				CODE_SIGN_STYLE = Automatic;
				CURRENT_PROJECT_VERSION = 1;
				DEVELOPMENT_TEAM = D9V8228529;
				GENERATE_INFOPLIST_FILE = YES;
				IPHONEOS_DEPLOYMENT_TARGET = 17.0;
				MACOSX_DEPLOYMENT_TARGET = 13.6;
				MARKETING_VERSION = 1.0;
				PRODUCT_BUNDLE_IDENTIFIER = io.writeopia.notesAppUITests;
				PRODUCT_NAME = "$(TARGET_NAME)";
				SDKROOT = auto;
				SUPPORTED_PLATFORMS = "iphoneos iphonesimulator macosx";
				SWIFT_EMIT_LOC_STRINGS = NO;
				SWIFT_VERSION = 5.0;
				TARGETED_DEVICE_FAMILY = "1,2";
				TEST_TARGET_NAME = notesApp;
			};
			name = Debug;
		};
		39F139672ACFAB5E002A1EA0 /* Release */ = {
			isa = XCBuildConfiguration;
			buildSettings = {
				ALWAYS_EMBED_SWIFT_STANDARD_LIBRARIES = YES;
				CODE_SIGN_STYLE = Automatic;
				CURRENT_PROJECT_VERSION = 1;
				DEVELOPMENT_TEAM = D9V8228529;
				GENERATE_INFOPLIST_FILE = YES;
				IPHONEOS_DEPLOYMENT_TARGET = 17.0;
				MACOSX_DEPLOYMENT_TARGET = 13.6;
				MARKETING_VERSION = 1.0;
				PRODUCT_BUNDLE_IDENTIFIER = io.writeopia.notesAppUITests;
				PRODUCT_NAME = "$(TARGET_NAME)";
				SDKROOT = auto;
				SUPPORTED_PLATFORMS = "iphoneos iphonesimulator macosx";
				SWIFT_EMIT_LOC_STRINGS = NO;
				SWIFT_VERSION = 5.0;
				TARGETED_DEVICE_FAMILY = "1,2";
				TEST_TARGET_NAME = notesApp;
			};
			name = Release;
		};
/* End XCBuildConfiguration section */

/* Begin XCConfigurationList section */
		39F139352ACFAB5C002A1EA0 /* Build configuration list for PBXProject "notesApp" */ = {
			isa = XCConfigurationList;
			buildConfigurations = (
				39F1395D2ACFAB5E002A1EA0 /* Debug */,
				39F1395E2ACFAB5E002A1EA0 /* Release */,
			);
			defaultConfigurationIsVisible = 0;
			defaultConfigurationName = Release;
		};
		39F1395F2ACFAB5E002A1EA0 /* Build configuration list for PBXNativeTarget "notesApp" */ = {
			isa = XCConfigurationList;
			buildConfigurations = (
				39F139602ACFAB5E002A1EA0 /* Debug */,
				39F139612ACFAB5E002A1EA0 /* Release */,
			);
			defaultConfigurationIsVisible = 0;
			defaultConfigurationName = Release;
		};
		39F139622ACFAB5E002A1EA0 /* Build configuration list for PBXNativeTarget "notesAppTests" */ = {
			isa = XCConfigurationList;
			buildConfigurations = (
				39F139632ACFAB5E002A1EA0 /* Debug */,
				39F139642ACFAB5E002A1EA0 /* Release */,
			);
			defaultConfigurationIsVisible = 0;
			defaultConfigurationName = Release;
		};
		39F139652ACFAB5E002A1EA0 /* Build configuration list for PBXNativeTarget "notesAppUITests" */ = {
			isa = XCConfigurationList;
			buildConfigurations = (
				39F139662ACFAB5E002A1EA0 /* Debug */,
				39F139672ACFAB5E002A1EA0 /* Release */,
			);
			defaultConfigurationIsVisible = 0;
			defaultConfigurationName = Release;
		};
/* End XCConfigurationList section */
	};
	rootObject = 39F139322ACFAB5C002A1EA0 /* Project object */;
}
